
Microsoft Visual Studio Solution File, Format Version 12.00
# Visual Studio Version 17
VisualStudioVersion = 17.1.32407.343
MinimumVisualStudioVersion = 10.0.40219.1
Project("{FAE04EC0-301F-11D3-BF4B-00C04F79EFBC}") = "Calculadoras.WindowsForm", "Calculadoras.WindowsForm\Calculadoras.WindowsForm.csproj", "{78B17ED8-171D-48A7-B164-5899BAEE278D}"
EndProject
Global
	GlobalSection(SolutionConfigurationPlatforms) = preSolution
		Debug|Any CPU = Debug|Any CPU
		Release|Any CPU = Release|Any CPU
	EndGlobalSection
	GlobalSection(ProjectConfigurationPlatforms) = postSolution
		{78B17ED8-171D-48A7-B164-5899BAEE278D}.Debug|Any CPU.ActiveCfg = Debug|Any CPU
		{78B17ED8-171D-48A7-B164-5899BAEE278D}.Debug|Any CPU.Build.0 = Debug|Any CPU
		{78B17ED8-171D-48A7-B164-5899BAEE278D}.Release|Any CPU.ActiveCfg = Release|Any CPU
		{78B17ED8-171D-48A7-B164-5899BAEE278D}.Release|Any CPU.Build.0 = Release|Any CPU
	EndGlobalSection
	GlobalSection(SolutionProperties) = preSolution
		HideSolutionNode = FALSE
	EndGlobalSection
	GlobalSection(ExtensibilityGlobals) = postSolution
		SolutionGuid = {54903517-F376-485E-828A-6F0B0C91227F}
	EndGlobalSection
EndGlobal
